
Microsoft Visual Studio Solution File, Format Version 12.00
# Visual Studio Version 17
VisualStudioVersion = 17.6.33829.357
MinimumVisualStudioVersion = 10.0.40219.1
Project("{FAE04EC0-301F-11D3-BF4B-00C04F79EFBC}") = "Kysect.PowerShellRunner.Abstractions", "Kysect.PowerShellRunner.Abstractions\Kysect.PowerShellRunner.Abstractions.csproj", "{AA2BC161-1EF8-4F43-83CB-D3D3D78D3909}"
EndProject
Project("{FAE04EC0-301F-11D3-BF4B-00C04F79EFBC}") = "Kysect.PowerShellRunner.Tests", "Kysect.PowerShellRunner.Tests\Kysect.PowerShellRunner.Tests.csproj", "{707E300A-3802-44F4-B64E-56A7DC2E8557}"
EndProject
Project("{FAE04EC0-301F-11D3-BF4B-00C04F79EFBC}") = "Kysect.PowerShellRunner.FrameworkImplementation", "Kysect.PowerShellRunner.FrameworkImplementation\Kysect.PowerShellRunner.FrameworkImplementation.csproj", "{94A86796-C547-4EA8-BCCB-B9ABDE38EC65}"
EndProject
Global
	GlobalSection(SolutionConfigurationPlatforms) = preSolution
		Debug|Any CPU = Debug|Any CPU
		Release|Any CPU = Release|Any CPU
	EndGlobalSection
	GlobalSection(ProjectConfigurationPlatforms) = postSolution
		{AA2BC161-1EF8-4F43-83CB-D3D3D78D3909}.Debug|Any CPU.ActiveCfg = Debug|Any CPU
		{AA2BC161-1EF8-4F43-83CB-D3D3D78D3909}.Debug|Any CPU.Build.0 = Debug|Any CPU
		{AA2BC161-1EF8-4F43-83CB-D3D3D78D3909}.Release|Any CPU.ActiveCfg = Release|Any CPU
		{AA2BC161-1EF8-4F43-83CB-D3D3D78D3909}.Release|Any CPU.Build.0 = Release|Any CPU
		{707E300A-3802-44F4-B64E-56A7DC2E8557}.Debug|Any CPU.ActiveCfg = Debug|Any CPU
		{707E300A-3802-44F4-B64E-56A7DC2E8557}.Debug|Any CPU.Build.0 = Debug|Any CPU
		{707E300A-3802-44F4-B64E-56A7DC2E8557}.Release|Any CPU.ActiveCfg = Release|Any CPU
		{707E300A-3802-44F4-B64E-56A7DC2E8557}.Release|Any CPU.Build.0 = Release|Any CPU
		{94A86796-C547-4EA8-BCCB-B9ABDE38EC65}.Debug|Any CPU.ActiveCfg = Debug|Any CPU
		{94A86796-C547-4EA8-BCCB-B9ABDE38EC65}.Debug|Any CPU.Build.0 = Debug|Any CPU
		{94A86796-C547-4EA8-BCCB-B9ABDE38EC65}.Release|Any CPU.ActiveCfg = Release|Any CPU
		{94A86796-C547-4EA8-BCCB-B9ABDE38EC65}.Release|Any CPU.Build.0 = Release|Any CPU
	EndGlobalSection
	GlobalSection(SolutionProperties) = preSolution
		HideSolutionNode = FALSE
	EndGlobalSection
	GlobalSection(ExtensibilityGlobals) = postSolution
		SolutionGuid = {46355E88-9A04-4D15-BE72-0280C15F720D}
	EndGlobalSection
EndGlobal
